// !$*UTF8*$!
{
	archiveVersion = 1;
	classes = {
	};
	objectVersion = 46;
	objects = {

/* Begin PBXBuildFile section */
		141394411E45CFC20009B91F /* BLEAutoConnect.h in CopyFiles */ = {isa = PBXBuildFile; fileRef = 14C7FEEC1E45A78A00DB8DA8 /* BLEAutoConnect.h */; };
		141394441E45CFE40009B91F /* BLEService.h in CopyFiles */ = {isa = PBXBuildFile; fileRef = 14C7FEEA1E45A78A00DB8DA8 /* BLEService.h */; };
		141394451E45CFE90009B91F /* Tools.h in CopyFiles */ = {isa = PBXBuildFile; fileRef = 14C7FEF31E45A80300DB8DA8 /* Tools.h */; };
		141394461E45CFEC0009B91F /* CTB.h in CopyFiles */ = {isa = PBXBuildFile; fileRef = 14C7FEF01E45A7BF00DB8DA8 /* CTB.h */; };
		14C7FEEE1E45A78A00DB8DA8 /* BLEService.m in Sources */ = {isa = PBXBuildFile; fileRef = 14C7FEEB1E45A78A00DB8DA8 /* BLEService.m */; };
		14C7FEEF1E45A78A00DB8DA8 /* BLEAutoConnect.m in Sources */ = {isa = PBXBuildFile; fileRef = 14C7FEED1E45A78A00DB8DA8 /* BLEAutoConnect.m */; };
		14C7FEF21E45A7BF00DB8DA8 /* CTB.m in Sources */ = {isa = PBXBuildFile; fileRef = 14C7FEF11E45A7BF00DB8DA8 /* CTB.m */; };
		14C7FEF51E45A80300DB8DA8 /* Tools.m in Sources */ = {isa = PBXBuildFile; fileRef = 14C7FEF41E45A80300DB8DA8 /* Tools.m */; };
/* End PBXBuildFile section */

/* Begin PBXCopyFilesBuildPhase section */
		14C7FEDC1E45A70500DB8DA8 /* CopyFiles */ = {
			isa = PBXCopyFilesBuildPhase;
			buildActionMask = 2147483647;
			dstPath = "include/$(PRODUCT_NAME)";
			dstSubfolderSpec = 16;
			files = (
				141394461E45CFEC0009B91F /* CTB.h in CopyFiles */,
				141394451E45CFE90009B91F /* Tools.h in CopyFiles */,
				141394441E45CFE40009B91F /* BLEService.h in CopyFiles */,
				141394411E45CFC20009B91F /* BLEAutoConnect.h in CopyFiles */,
			);
			runOnlyForDeploymentPostprocessing = 0;
		};
/* End PBXCopyFilesBuildPhase section */

/* Begin PBXFileReference section */
		14C7FEDE1E45A70500DB8DA8 /* liblibWeicontrol.a */ = {isa = PBXFileReference; explicitFileType = archive.ar; includeInIndex = 0; path = liblibWeicontrol.a; sourceTree = BUILT_PRODUCTS_DIR; };
		14C7FEEA1E45A78A00DB8DA8 /* BLEService.h */ = {isa = PBXFileReference; fileEncoding = 4; lastKnownFileType = sourcecode.c.h; path = BLEService.h; sourceTree = "<group>"; };
		14C7FEEB1E45A78A00DB8DA8 /* BLEService.m */ = {isa = PBXFileReference; fileEncoding = 4; lastKnownFileType = sourcecode.c.objc; path = BLEService.m; sourceTree = "<group>"; };
		14C7FEEC1E45A78A00DB8DA8 /* BLEAutoConnect.h */ = {isa = PBXFileReference; fileEncoding = 4; lastKnownFileType = sourcecode.c.h; path = BLEAutoConnect.h; sourceTree = "<group>"; };
		14C7FEED1E45A78A00DB8DA8 /* BLEAutoConnect.m */ = {isa = PBXFileReference; fileEncoding = 4; lastKnownFileType = sourcecode.c.objc; path = BLEAutoConnect.m; sourceTree = "<group>"; };
		14C7FEF01E45A7BF00DB8DA8 /* CTB.h */ = {isa = PBXFileReference; fileEncoding = 4; lastKnownFileType = sourcecode.c.h; path = CTB.h; sourceTree = "<group>"; };
		14C7FEF11E45A7BF00DB8DA8 /* CTB.m */ = {isa = PBXFileReference; fileEncoding = 4; lastKnownFileType = sourcecode.c.objc; path = CTB.m; sourceTree = "<group>"; };
		14C7FEF31E45A80300DB8DA8 /* Tools.h */ = {isa = PBXFileReference; fileEncoding = 4; lastKnownFileType = sourcecode.c.h; path = Tools.h; sourceTree = "<group>"; };
		14C7FEF41E45A80300DB8DA8 /* Tools.m */ = {isa = PBXFileReference; fileEncoding = 4; lastKnownFileType = sourcecode.c.objc; path = Tools.m; sourceTree = "<group>"; };
		14C7FEF71E45A9AE00DB8DA8 /* NSData+Base64.h */ = {isa = PBXFileReference; fileEncoding = 4; lastKnownFileType = sourcecode.c.h; path = "NSData+Base64.h"; sourceTree = "<group>"; };
		14C7FEF81E45A9AE00DB8DA8 /* NSData+Base64.m */ = {isa = PBXFileReference; fileEncoding = 4; lastKnownFileType = sourcecode.c.objc; path = "NSData+Base64.m"; sourceTree = "<group>"; };
		14C7FEF91E45A9AE00DB8DA8 /* StringEncryption.h */ = {isa = PBXFileReference; fileEncoding = 4; lastKnownFileType = sourcecode.c.h; path = StringEncryption.h; sourceTree = "<group>"; };
		14C7FEFA1E45A9AE00DB8DA8 /* StringEncryption.m */ = {isa = PBXFileReference; fileEncoding = 4; lastKnownFileType = sourcecode.c.objc; path = StringEncryption.m; sourceTree = "<group>"; };
/* End PBXFileReference section */

/* Begin PBXFrameworksBuildPhase section */
		14C7FEDB1E45A70500DB8DA8 /* Frameworks */ = {
			isa = PBXFrameworksBuildPhase;
			buildActionMask = 2147483647;
			files = (
			);
			runOnlyForDeploymentPostprocessing = 0;
		};
/* End PBXFrameworksBuildPhase section */

/* Begin PBXGroup section */
		14C7FED51E45A70500DB8DA8 = {
			isa = PBXGroup;
			children = (
				14C7FEE01E45A70500DB8DA8 /* libWeicontrol */,
				14C7FEDF1E45A70500DB8DA8 /* Products */,
			);
			sourceTree = "<group>";
		};
		14C7FEDF1E45A70500DB8DA8 /* Products */ = {
			isa = PBXGroup;
			children = (
				14C7FEDE1E45A70500DB8DA8 /* liblibWeicontrol.a */,
			);
			name = Products;
			sourceTree = "<group>";
		};
		14C7FEE01E45A70500DB8DA8 /* libWeicontrol */ = {
			isa = PBXGroup;
			children = (
				14C7FEF01E45A7BF00DB8DA8 /* CTB.h */,
				14C7FEF11E45A7BF00DB8DA8 /* CTB.m */,
				14C7FEF31E45A80300DB8DA8 /* Tools.h */,
				14C7FEF41E45A80300DB8DA8 /* Tools.m */,
				14C7FEEA1E45A78A00DB8DA8 /* BLEService.h */,
				14C7FEEB1E45A78A00DB8DA8 /* BLEService.m */,
				14C7FEEC1E45A78A00DB8DA8 /* BLEAutoConnect.h */,
				14C7FEED1E45A78A00DB8DA8 /* BLEAutoConnect.m */,
				14C7FEF71E45A9AE00DB8DA8 /* NSData+Base64.h */,
				14C7FEF81E45A9AE00DB8DA8 /* NSData+Base64.m */,
				14C7FEF91E45A9AE00DB8DA8 /* StringEncryption.h */,
				14C7FEFA1E45A9AE00DB8DA8 /* StringEncryption.m */,
			);
			path = libWeicontrol;
			sourceTree = "<group>";
		};
/* End PBXGroup section */

/* Begin PBXNativeTarget section */
		14C7FEDD1E45A70500DB8DA8 /* libWeicontrol */ = {
			isa = PBXNativeTarget;
			buildConfigurationList = 14C7FEE71E45A70500DB8DA8 /* Build configuration list for PBXNativeTarget "libWeicontrol" */;
			buildPhases = (
				14C7FEDA1E45A70500DB8DA8 /* Sources */,
				14C7FEDB1E45A70500DB8DA8 /* Frameworks */,
				14C7FEDC1E45A70500DB8DA8 /* CopyFiles */,
			);
			buildRules = (
			);
			dependencies = (
			);
			name = libWeicontrol;
			productName = libWeicontrol;
			productReference = 14C7FEDE1E45A70500DB8DA8 /* liblibWeicontrol.a */;
			productType = "com.apple.product-type.library.static";
		};
/* End PBXNativeTarget section */

/* Begin PBXProject section */
		14C7FED61E45A70500DB8DA8 /* Project object */ = {
			isa = PBXProject;
			attributes = {
				LastUpgradeCheck = 0820;
				ORGANIZATIONNAME = xy;
				TargetAttributes = {
					14C7FEDD1E45A70500DB8DA8 = {
						CreatedOnToolsVersion = 8.1;
						DevelopmentTeam = 24UPQ796CD;
						ProvisioningStyle = Automatic;
					};
				};
			};
			buildConfigurationList = 14C7FED91E45A70500DB8DA8 /* Build configuration list for PBXProject "libWeicontrol" */;
			compatibilityVersion = "Xcode 3.2";
			developmentRegion = English;
			hasScannedForEncodings = 0;
			knownRegions = (
				en,
			);
			mainGroup = 14C7FED51E45A70500DB8DA8;
			productRefGroup = 14C7FEDF1E45A70500DB8DA8 /* Products */;
			projectDirPath = "";
			projectRoot = "";
			targets = (
				14C7FEDD1E45A70500DB8DA8 /* libWeicontrol */,
			);
		};
/* End PBXProject section */

/* Begin PBXSourcesBuildPhase section */
		14C7FEDA1E45A70500DB8DA8 /* Sources */ = {
			isa = PBXSourcesBuildPhase;
			buildActionMask = 2147483647;
			files = (
				14C7FEF21E45A7BF00DB8DA8 /* CTB.m in Sources */,
				14C7FEEE1E45A78A00DB8DA8 /* BLEService.m in Sources */,
				14C7FEEF1E45A78A00DB8DA8 /* BLEAutoConnect.m in Sources */,
				14C7FEF51E45A80300DB8DA8 /* Tools.m in Sources */,
			);
			runOnlyForDeploymentPostprocessing = 0;
		};
/* End PBXSourcesBuildPhase section */

/* Begin XCBuildConfiguration section */
		14C7FEE51E45A70500DB8DA8 /* Debug */ = {
			isa = XCBuildConfiguration;
			buildSettings = {
				ALWAYS_SEARCH_USER_PATHS = NO;
				CLANG_ANALYZER_NONNULL = YES;
				CLANG_CXX_LANGUAGE_STANDARD = "gnu++0x";
				CLANG_CXX_LIBRARY = "libc++";
				CLANG_ENABLE_MODULES = YES;
				CLANG_ENABLE_OBJC_ARC = YES;
				CLANG_WARN_BOOL_CONVERSION = YES;
				CLANG_WARN_CONSTANT_CONVERSION = YES;
				CLANG_WARN_DIRECT_OBJC_ISA_USAGE = YES_ERROR;
				CLANG_WARN_DOCUMENTATION_COMMENTS = YES;
				CLANG_WARN_EMPTY_BODY = YES;
				CLANG_WARN_ENUM_CONVERSION = YES;
				CLANG_WARN_INFINITE_RECURSION = YES;
				CLANG_WARN_INT_CONVERSION = YES;
				CLANG_WARN_OBJC_ROOT_CLASS = YES_ERROR;
				CLANG_WARN_SUSPICIOUS_MOVE = YES;
				CLANG_WARN_SUSPICIOUS_MOVES = YES;
				CLANG_WARN_UNREACHABLE_CODE = YES;
				CLANG_WARN__DUPLICATE_METHOD_MATCH = YES;
				"CODE_SIGN_IDENTITY[sdk=iphoneos*]" = "iPhone Developer";
				COPY_PHASE_STRIP = NO;
				DEBUG_INFORMATION_FORMAT = dwarf;
				ENABLE_STRICT_OBJC_MSGSEND = YES;
				ENABLE_TESTABILITY = YES;
				GCC_C_LANGUAGE_STANDARD = gnu99;
				GCC_DYNAMIC_NO_PIC = NO;
				GCC_NO_COMMON_BLOCKS = YES;
				GCC_OPTIMIZATION_LEVEL = 0;
				GCC_PREPROCESSOR_DEFINITIONS = (
					"DEBUG=1",
					"$(inherited)",
				);
				GCC_WARN_64_TO_32_BIT_CONVERSION = YES;
				GCC_WARN_ABOUT_RETURN_TYPE = YES_ERROR;
				GCC_WARN_UNDECLARED_SELECTOR = YES;
				GCC_WARN_UNINITIALIZED_AUTOS = YES_AGGRESSIVE;
				GCC_WARN_UNUSED_FUNCTION = YES;
				GCC_WARN_UNUSED_VARIABLE = YES;
				IPHONEOS_DEPLOYMENT_TARGET = 8.0;
				MTL_ENABLE_DEBUG_INFO = YES;
				ONLY_ACTIVE_ARCH = YES;
				SDKROOT = iphoneos;
			};
			name = Debug;
		};
		14C7FEE61E45A70500DB8DA8 /* Release */ = {
			isa = XCBuildConfiguration;
			buildSettings = {
				ALWAYS_SEARCH_USER_PATHS = NO;
				CLANG_ANALYZER_NONNULL = YES;
				CLANG_CXX_LANGUAGE_STANDARD = "gnu++0x";
				CLANG_CXX_LIBRARY = "libc++";
				CLANG_ENABLE_MODULES = YES;
				CLANG_ENABLE_OBJC_ARC = YES;
				CLANG_WARN_BOOL_CONVERSION = YES;
				CLANG_WARN_CONSTANT_CONVERSION = YES;
				CLANG_WARN_DIRECT_OBJC_ISA_USAGE = YES_ERROR;
				CLANG_WARN_DOCUMENTATION_COMMENTS = YES;
				CLANG_WARN_EMPTY_BODY = YES;
				CLANG_WARN_ENUM_CONVERSION = YES;
				CLANG_WARN_INFINITE_RECURSION = YES;
				CLANG_WARN_INT_CONVERSION = YES;
				CLANG_WARN_OBJC_ROOT_CLASS = YES_ERROR;
				CLANG_WARN_SUSPICIOUS_MOVE = YES;
				CLANG_WARN_SUSPICIOUS_MOVES = YES;
				CLANG_WARN_UNREACHABLE_CODE = YES;
				CLANG_WARN__DUPLICATE_METHOD_MATCH = YES;
				"CODE_SIGN_IDENTITY[sdk=iphoneos*]" = "iPhone Developer";
				COPY_PHASE_STRIP = NO;
				DEBUG_INFORMATION_FORMAT = "dwarf-with-dsym";
				ENABLE_NS_ASSERTIONS = NO;
				ENABLE_STRICT_OBJC_MSGSEND = YES;
				GCC_C_LANGUAGE_STANDARD = gnu99;
				GCC_NO_COMMON_BLOCKS = YES;
				GCC_WARN_64_TO_32_BIT_CONVERSION = YES;
				GCC_WARN_ABOUT_RETURN_TYPE = YES_ERROR;
				GCC_WARN_UNDECLARED_SELECTOR = YES;
				GCC_WARN_UNINITIALIZED_AUTOS = YES_AGGRESSIVE;
				GCC_WARN_UNUSED_FUNCTION = YES;
				GCC_WARN_UNUSED_VARIABLE = YES;
				IPHONEOS_DEPLOYMENT_TARGET = 8.0;
				MTL_ENABLE_DEBUG_INFO = NO;
				SDKROOT = iphoneos;
				VALIDATE_PRODUCT = YES;
			};
			name = Release;
		};
		14C7FEE81E45A70500DB8DA8 /* Debug */ = {
			isa = XCBuildConfiguration;
			buildSettings = {
				DEVELOPMENT_TEAM = 24UPQ796CD;
				ONLY_ACTIVE_ARCH = NO;
				OTHER_LDFLAGS = "-ObjC";
				PRODUCT_NAME = "$(TARGET_NAME)";
				SKIP_INSTALL = YES;
			};
			name = Debug;
		};
		14C7FEE91E45A70500DB8DA8 /* Release */ = {
			isa = XCBuildConfiguration;
			buildSettings = {
				DEVELOPMENT_TEAM = 24UPQ796CD;
				OTHER_LDFLAGS = "-ObjC";
				PRODUCT_NAME = "$(TARGET_NAME)";
				SKIP_INSTALL = YES;
			};
			name = Release;
		};
/* End XCBuildConfiguration section */

/* Begin XCConfigurationList section */
		14C7FED91E45A70500DB8DA8 /* Build configuration list for PBXProject "libWeicontrol" */ = {
			isa = XCConfigurationList;
			buildConfigurations = (
				14C7FEE51E45A70500DB8DA8 /* Debug */,
				14C7FEE61E45A70500DB8DA8 /* Release */,
			);
			defaultConfigurationIsVisible = 0;
			defaultConfigurationName = Release;
		};
		14C7FEE71E45A70500DB8DA8 /* Build configuration list for PBXNativeTarget "libWeicontrol" */ = {
			isa = XCConfigurationList;
			buildConfigurations = (
				14C7FEE81E45A70500DB8DA8 /* Debug */,
				14C7FEE91E45A70500DB8DA8 /* Release */,
			);
			defaultConfigurationIsVisible = 0;
			defaultConfigurationName = Release;
		};
/* End XCConfigurationList section */
	};
	rootObject = 14C7FED61E45A70500DB8DA8 /* Project object */;
}
